
Microsoft Visual Studio Solution File, Format Version 12.00
# Visual Studio Version 16
VisualStudioVersion = 16.0.31702.278
MinimumVisualStudioVersion = 10.0.40219.1
Project("{FAE04EC0-301F-11D3-BF4B-00C04F79EFBC}") = "Puzzle_Image_Game", "Puzzle_Image_Game\Puzzle_Image_Game.csproj", "{BB2177ED-4383-408A-A74D-F9B39285525C}"
EndProject
Project("{840C416C-B8F3-42BC-B0DD-F6BB14C9F8CB}") = "AI Setup Project", "AI Setup Project\AI Setup Project.aiproj", "{7B1144F4-BDD2-42D5-8B2B-118EA7BCCC21}"
EndProject
Global
	GlobalSection(SolutionConfigurationPlatforms) = preSolution
		All|Any CPU = All|Any CPU
		Debug|Any CPU = Debug|Any CPU
		Release|Any CPU = Release|Any CPU
	EndGlobalSection
	GlobalSection(ProjectConfigurationPlatforms) = postSolution
		{BB2177ED-4383-408A-A74D-F9B39285525C}.All|Any CPU.ActiveCfg = Release|Any CPU
		{BB2177ED-4383-408A-A74D-F9B39285525C}.All|Any CPU.Build.0 = Release|Any CPU
		{BB2177ED-4383-408A-A74D-F9B39285525C}.Debug|Any CPU.ActiveCfg = Debug|Any CPU
		{BB2177ED-4383-408A-A74D-F9B39285525C}.Debug|Any CPU.Build.0 = Debug|Any CPU
		{BB2177ED-4383-408A-A74D-F9B39285525C}.Release|Any CPU.ActiveCfg = Release|Any CPU
		{BB2177ED-4383-408A-A74D-F9B39285525C}.Release|Any CPU.Build.0 = Release|Any CPU
		{7B1144F4-BDD2-42D5-8B2B-118EA7BCCC21}.All|Any CPU.ActiveCfg = DefaultBuild
		{7B1144F4-BDD2-42D5-8B2B-118EA7BCCC21}.Debug|Any CPU.ActiveCfg = DefaultBuild
		{7B1144F4-BDD2-42D5-8B2B-118EA7BCCC21}.Release|Any CPU.ActiveCfg = DefaultBuild
		{7B1144F4-BDD2-42D5-8B2B-118EA7BCCC21}.Release|Any CPU.Build.0 = DefaultBuild
	EndGlobalSection
	GlobalSection(SolutionProperties) = preSolution
		HideSolutionNode = FALSE
	EndGlobalSection
	GlobalSection(ExtensibilityGlobals) = postSolution
		SolutionGuid = {CFEEE399-6A63-4A0F-A053-7B603D385D5D}
	EndGlobalSection
EndGlobal
